
Microsoft Visual Studio Solution File, Format Version 12.00
# Visual Studio Version 16
VisualStudioVersion = 16.0.32002.261
MinimumVisualStudioVersion = 10.0.40219.1
Project("{FAE04EC0-301F-11D3-BF4B-00C04F79EFBC}") = "HelloWorld", "HelloWorld.csproj", "{EA4DF884-CEDE-4581-BC07-7304990D61CE}"
EndProject
Project("{FAE04EC0-301F-11D3-BF4B-00C04F79EFBC}") = "UnitTestProject1", "..\UnitTestProject1\UnitTestProject1.csproj", "{FE1ADFF8-A6E6-48ED-B31D-3A015F47787E}"
EndProject
Project("{FAE04EC0-301F-11D3-BF4B-00C04F79EFBC}") = "TestProject1", "..\TestProject1\TestProject1.csproj", "{A464D74E-5D22-446C-89E9-C4C75B9C93E3}"
EndProject
Global
	GlobalSection(SolutionConfigurationPlatforms) = preSolution
		Debug|Any CPU = Debug|Any CPU
		Release|Any CPU = Release|Any CPU
	EndGlobalSection
	GlobalSection(ProjectConfigurationPlatforms) = postSolution
		{EA4DF884-CEDE-4581-BC07-7304990D61CE}.Debug|Any CPU.ActiveCfg = Debug|Any CPU
		{EA4DF884-CEDE-4581-BC07-7304990D61CE}.Debug|Any CPU.Build.0 = Debug|Any CPU
		{EA4DF884-CEDE-4581-BC07-7304990D61CE}.Release|Any CPU.ActiveCfg = Release|Any CPU
		{EA4DF884-CEDE-4581-BC07-7304990D61CE}.Release|Any CPU.Build.0 = Release|Any CPU
		{FE1ADFF8-A6E6-48ED-B31D-3A015F47787E}.Debug|Any CPU.ActiveCfg = Debug|Any CPU
		{FE1ADFF8-A6E6-48ED-B31D-3A015F47787E}.Debug|Any CPU.Build.0 = Debug|Any CPU
		{FE1ADFF8-A6E6-48ED-B31D-3A015F47787E}.Release|Any CPU.ActiveCfg = Release|Any CPU
		{FE1ADFF8-A6E6-48ED-B31D-3A015F47787E}.Release|Any CPU.Build.0 = Release|Any CPU
		{A464D74E-5D22-446C-89E9-C4C75B9C93E3}.Debug|Any CPU.ActiveCfg = Debug|Any CPU
		{A464D74E-5D22-446C-89E9-C4C75B9C93E3}.Debug|Any CPU.Build.0 = Debug|Any CPU
		{A464D74E-5D22-446C-89E9-C4C75B9C93E3}.Release|Any CPU.ActiveCfg = Release|Any CPU
		{A464D74E-5D22-446C-89E9-C4C75B9C93E3}.Release|Any CPU.Build.0 = Release|Any CPU
	EndGlobalSection
	GlobalSection(SolutionProperties) = preSolution
		HideSolutionNode = FALSE
	EndGlobalSection
	GlobalSection(ExtensibilityGlobals) = postSolution
		SolutionGuid = {9BF8521E-4A0F-4DC2-8E1B-F868319FBE65}
	EndGlobalSection
EndGlobal
